
Microsoft Visual Studio Solution File, Format Version 12.00
# Visual Studio Version 17
VisualStudioVersion = 17.0.32014.148
MinimumVisualStudioVersion = 10.0.40219.1
Project("{FAE04EC0-301F-11D3-BF4B-00C04F79EFBC}") = "Logger", "Logger\Logger.csproj", "{A9A122BB-F91E-4496-8001-C7CCC4F1547B}"
EndProject
Global
	GlobalSection(SolutionConfigurationPlatforms) = preSolution
		Debug|Any CPU = Debug|Any CPU
		Release|Any CPU = Release|Any CPU
	EndGlobalSection
	GlobalSection(ProjectConfigurationPlatforms) = postSolution
		{A9A122BB-F91E-4496-8001-C7CCC4F1547B}.Debug|Any CPU.ActiveCfg = Debug|Any CPU
		{A9A122BB-F91E-4496-8001-C7CCC4F1547B}.Debug|Any CPU.Build.0 = Debug|Any CPU
		{A9A122BB-F91E-4496-8001-C7CCC4F1547B}.Release|Any CPU.ActiveCfg = Release|Any CPU
		{A9A122BB-F91E-4496-8001-C7CCC4F1547B}.Release|Any CPU.Build.0 = Release|Any CPU
	EndGlobalSection
	GlobalSection(SolutionProperties) = preSolution
		HideSolutionNode = FALSE
	EndGlobalSection
	GlobalSection(ExtensibilityGlobals) = postSolution
		SolutionGuid = {84AD4D81-D5FC-4095-95C4-6AF36260D77A}
	EndGlobalSection
EndGlobal
